
Microsoft Visual Studio Solution File, Format Version 12.00
# Visual Studio 15
VisualStudioVersion = 15.0.27703.2042
MinimumVisualStudioVersion = 10.0.40219.1
Project("{2150E333-8FDC-42A3-9474-1A3956D46DE8}") = "WebSocket", "WebSocket", "{27BC5C98-ADEF-4B0E-95CD-E8F2B547DBAC}"
EndProject
Project("{2150E333-8FDC-42A3-9474-1A3956D46DE8}") = "Redis", "Redis", "{C082C9BA-7467-4FA6-A549-47C182D4CE55}"
EndProject
Project("{2150E333-8FDC-42A3-9474-1A3956D46DE8}") = "RabbitMQ", "RabbitMQ", "{8EF952C3-6D1E-4FB5-ADD8-D5E075DD1D69}"
EndProject
Project("{2150E333-8FDC-42A3-9474-1A3956D46DE8}") = "NetCore", "NetCore", "{EBF8BA9C-6B28-4BB1-9A80-BD9F23E3FB54}"
EndProject
Project("{FAE04EC0-301F-11D3-BF4B-00C04F79EFBC}") = "ServiceWebSocket", "ServiceWebSocket\ServiceWebSocket.csproj", "{90743B0D-AF8E-472C-8AB3-C5C1AADB08A7}"
EndProject
Project("{2150E333-8FDC-42A3-9474-1A3956D46DE8}") = "TheadTask", "TheadTask", "{0B064FB4-7167-4527-BFA3-081A7D3C71C9}"
EndProject
Project("{2150E333-8FDC-42A3-9474-1A3956D46DE8}") = "Cache", "Cache", "{767635FB-5293-49B5-9256-2FBEADDA578A}"
EndProject
Project("{FAE04EC0-301F-11D3-BF4B-00C04F79EFBC}") = "WebCache", "WebCache\WebCache.csproj", "{B8400E24-4F4D-45C6-B429-A27D883EB168}"
EndProject
Project("{2150E333-8FDC-42A3-9474-1A3956D46DE8}") = "MVCExamples", "MVCExamples", "{94EE0BB7-B9E0-46B6-A128-8017C9903718}"
EndProject
Project("{FAE04EC0-301F-11D3-BF4B-00C04F79EFBC}") = "MVCExample", "MVCExample\MVCExample.csproj", "{D2A1C36D-4B0F-4733-9863-7C9E5A54C199}"
EndProject
Project("{9A19103F-16F7-4668-BE54-9A1E7A4F7556}") = "MvcCoreExamples", "MvcCoreExamples\MvcCoreExamples.csproj", "{8223812B-3A72-4D8D-A7E1-917F14E55BB9}"
EndProject
Project("{9A19103F-16F7-4668-BE54-9A1E7A4F7556}") = "ApiCoreExamples", "ApiCoreExamples\ApiCoreExamples.csproj", "{4D6F97B6-DBF4-4C12-87FB-351BDDECC812}"
EndProject
Project("{FAE04EC0-301F-11D3-BF4B-00C04F79EFBC}") = "TheadAsync", "TheadAsync\TheadAsync.csproj", "{97CF4456-9909-4194-BAFB-6E69AA570941}"
EndProject
Project("{FAE04EC0-301F-11D3-BF4B-00C04F79EFBC}") = "TheadAsyncWinForm", "TheadAsyncWinForm\TheadAsyncWinForm.csproj", "{5135770D-6EED-4589-8E69-59C4938F83F4}"
EndProject
Project("{2150E333-8FDC-42A3-9474-1A3956D46DE8}") = "DesignPattern", "DesignPattern", "{0E7187C0-7997-4B5E-B97F-B0CD2AC31035}"
EndProject
Project("{FAE04EC0-301F-11D3-BF4B-00C04F79EFBC}") = "迭代器模式", "迭代器模式\迭代器模式.csproj", "{014BFBE7-3AE4-4F04-A645-24CA95AB98A2}"
EndProject
Project("{2150E333-8FDC-42A3-9474-1A3956D46DE8}") = "CSharp", "CSharp", "{A162AE37-9F54-4CAB-9EDE-DF2D8F214E46}"
EndProject
Project("{FAE04EC0-301F-11D3-BF4B-00C04F79EFBC}") = "ReflectionDemo", "ReflectionDemo\ReflectionDemo.csproj", "{2838EF3F-D239-4C24-90A8-E51C0A71861A}"
EndProject
Project("{FAE04EC0-301F-11D3-BF4B-00C04F79EFBC}") = "RefBLL", "RefBLL\RefBLL.csproj", "{B9D26C6D-3600-4FC4-A2F0-CAE1A4997979}"
EndProject
Project("{FAE04EC0-301F-11D3-BF4B-00C04F79EFBC}") = "RefModel", "RefModel\RefModel.csproj", "{4F8E1570-088D-4161-BC8E-D3D18B68E816}"
EndProject
Project("{FAE04EC0-301F-11D3-BF4B-00C04F79EFBC}") = "SERedis", "SERedis\SERedis.csproj", "{4ABD021A-4651-4A00-92A1-DEBB4CBB9D47}"
EndProject
Project("{2150E333-8FDC-42A3-9474-1A3956D46DE8}") = "Core", "Core", "{EA8DD215-551B-4A27-AF90-A5642AFF3D4D}"
EndProject
Project("{9A19103F-16F7-4668-BE54-9A1E7A4F7556}") = "MediaTRSample", "MediaTRSample\MediaTRSample.csproj", "{84070991-7C25-4E35-9951-2C388B71B851}"
EndProject
Project("{9A19103F-16F7-4668-BE54-9A1E7A4F7556}") = "EFDemo", "EFDemo\EFDemo.csproj", "{AFB59877-4956-4326-AD69-6A698691C5CD}"
EndProject
Project("{2150E333-8FDC-42A3-9474-1A3956D46DE8}") = "Token", "Token", "{F2E6D402-E882-4170-9F7A-70ED079C50AF}"
EndProject
Project("{9A19103F-16F7-4668-BE54-9A1E7A4F7556}") = "IdentityServerDemo", "IdentityServerDemo\IdentityServerDemo.csproj", "{C72B6521-F4E1-457F-A521-9D052F582C57}"
EndProject
Project("{9A19103F-16F7-4668-BE54-9A1E7A4F7556}") = "TodoApi", "..\..\..\..\Source\Docs-master\aspnetcore\tutorials\web-api-help-pages-using-swagger\samples\2.1\TodoApi.Swashbuckle\TodoApi.csproj", "{D4BDA2D3-D87D-4710-B897-A7583124427D}"
EndProject
Project("{9A19103F-16F7-4668-BE54-9A1E7A4F7556}") = "WebApiSwagger", "WebApiSwagger\WebApiSwagger.csproj", "{A1FB2B01-37D0-4C21-ADE7-A0DE67C9A331}"
EndProject
Project("{9A19103F-16F7-4668-BE54-9A1E7A4F7556}") = "WebAutoface", "WebAutoface\WebAutoface.csproj", "{36595245-4DEF-4F80-89B5-FF0DBCD4F048}"
EndProject
Project("{9A19103F-16F7-4668-BE54-9A1E7A4F7556}") = "WebEFMigration", "WebEFMigration\WebEFMigration.csproj", "{C48BAFA8-CE0F-4531-99CF-4A7EF809A485}"
EndProject
Project("{FAE04EC0-301F-11D3-BF4B-00C04F79EFBC}") = "CoreGateway", "CoreGateway\CoreGateway.csproj", "{E3535850-87F7-4AC6-B9E4-0E8298C6B562}"
EndProject
Global
	GlobalSection(SolutionConfigurationPlatforms) = preSolution
		Debug|Any CPU = Debug|Any CPU
		Release|Any CPU = Release|Any CPU
	EndGlobalSection
	GlobalSection(ProjectConfigurationPlatforms) = postSolution
		{90743B0D-AF8E-472C-8AB3-C5C1AADB08A7}.Debug|Any CPU.ActiveCfg = Debug|Any CPU
		{90743B0D-AF8E-472C-8AB3-C5C1AADB08A7}.Debug|Any CPU.Build.0 = Debug|Any CPU
		{90743B0D-AF8E-472C-8AB3-C5C1AADB08A7}.Release|Any CPU.ActiveCfg = Release|Any CPU
		{90743B0D-AF8E-472C-8AB3-C5C1AADB08A7}.Release|Any CPU.Build.0 = Release|Any CPU
		{B8400E24-4F4D-45C6-B429-A27D883EB168}.Debug|Any CPU.ActiveCfg = Debug|Any CPU
		{B8400E24-4F4D-45C6-B429-A27D883EB168}.Debug|Any CPU.Build.0 = Debug|Any CPU
		{B8400E24-4F4D-45C6-B429-A27D883EB168}.Release|Any CPU.ActiveCfg = Release|Any CPU
		{B8400E24-4F4D-45C6-B429-A27D883EB168}.Release|Any CPU.Build.0 = Release|Any CPU
		{D2A1C36D-4B0F-4733-9863-7C9E5A54C199}.Debug|Any CPU.ActiveCfg = Debug|Any CPU
		{D2A1C36D-4B0F-4733-9863-7C9E5A54C199}.Debug|Any CPU.Build.0 = Debug|Any CPU
		{D2A1C36D-4B0F-4733-9863-7C9E5A54C199}.Release|Any CPU.ActiveCfg = Release|Any CPU
		{D2A1C36D-4B0F-4733-9863-7C9E5A54C199}.Release|Any CPU.Build.0 = Release|Any CPU
		{8223812B-3A72-4D8D-A7E1-917F14E55BB9}.Debug|Any CPU.ActiveCfg = Debug|Any CPU
		{8223812B-3A72-4D8D-A7E1-917F14E55BB9}.Debug|Any CPU.Build.0 = Debug|Any CPU
		{8223812B-3A72-4D8D-A7E1-917F14E55BB9}.Release|Any CPU.ActiveCfg = Release|Any CPU
		{8223812B-3A72-4D8D-A7E1-917F14E55BB9}.Release|Any CPU.Build.0 = Release|Any CPU
		{4D6F97B6-DBF4-4C12-87FB-351BDDECC812}.Debug|Any CPU.ActiveCfg = Debug|Any CPU
		{4D6F97B6-DBF4-4C12-87FB-351BDDECC812}.Debug|Any CPU.Build.0 = Debug|Any CPU
		{4D6F97B6-DBF4-4C12-87FB-351BDDECC812}.Release|Any CPU.ActiveCfg = Release|Any CPU
		{4D6F97B6-DBF4-4C12-87FB-351BDDECC812}.Release|Any CPU.Build.0 = Release|Any CPU
		{97CF4456-9909-4194-BAFB-6E69AA570941}.Debug|Any CPU.ActiveCfg = Debug|Any CPU
		{97CF4456-9909-4194-BAFB-6E69AA570941}.Debug|Any CPU.Build.0 = Debug|Any CPU
		{97CF4456-9909-4194-BAFB-6E69AA570941}.Release|Any CPU.ActiveCfg = Release|Any CPU
		{97CF4456-9909-4194-BAFB-6E69AA570941}.Release|Any CPU.Build.0 = Release|Any CPU
		{5135770D-6EED-4589-8E69-59C4938F83F4}.Debug|Any CPU.ActiveCfg = Debug|Any CPU
		{5135770D-6EED-4589-8E69-59C4938F83F4}.Debug|Any CPU.Build.0 = Debug|Any CPU
		{5135770D-6EED-4589-8E69-59C4938F83F4}.Release|Any CPU.ActiveCfg = Release|Any CPU
		{5135770D-6EED-4589-8E69-59C4938F83F4}.Release|Any CPU.Build.0 = Release|Any CPU
		{014BFBE7-3AE4-4F04-A645-24CA95AB98A2}.Debug|Any CPU.ActiveCfg = Debug|Any CPU
		{014BFBE7-3AE4-4F04-A645-24CA95AB98A2}.Debug|Any CPU.Build.0 = Debug|Any CPU
		{014BFBE7-3AE4-4F04-A645-24CA95AB98A2}.Release|Any CPU.ActiveCfg = Release|Any CPU
		{014BFBE7-3AE4-4F04-A645-24CA95AB98A2}.Release|Any CPU.Build.0 = Release|Any CPU
		{2838EF3F-D239-4C24-90A8-E51C0A71861A}.Debug|Any CPU.ActiveCfg = Debug|Any CPU
		{2838EF3F-D239-4C24-90A8-E51C0A71861A}.Debug|Any CPU.Build.0 = Debug|Any CPU
		{2838EF3F-D239-4C24-90A8-E51C0A71861A}.Release|Any CPU.ActiveCfg = Release|Any CPU
		{2838EF3F-D239-4C24-90A8-E51C0A71861A}.Release|Any CPU.Build.0 = Release|Any CPU
		{B9D26C6D-3600-4FC4-A2F0-CAE1A4997979}.Debug|Any CPU.ActiveCfg = Debug|Any CPU
		{B9D26C6D-3600-4FC4-A2F0-CAE1A4997979}.Debug|Any CPU.Build.0 = Debug|Any CPU
		{B9D26C6D-3600-4FC4-A2F0-CAE1A4997979}.Release|Any CPU.ActiveCfg = Release|Any CPU
		{B9D26C6D-3600-4FC4-A2F0-CAE1A4997979}.Release|Any CPU.Build.0 = Release|Any CPU
		{4F8E1570-088D-4161-BC8E-D3D18B68E816}.Debug|Any CPU.ActiveCfg = Debug|Any CPU
		{4F8E1570-088D-4161-BC8E-D3D18B68E816}.Debug|Any CPU.Build.0 = Debug|Any CPU
		{4F8E1570-088D-4161-BC8E-D3D18B68E816}.Release|Any CPU.ActiveCfg = Release|Any CPU
		{4F8E1570-088D-4161-BC8E-D3D18B68E816}.Release|Any CPU.Build.0 = Release|Any CPU
		{4ABD021A-4651-4A00-92A1-DEBB4CBB9D47}.Debug|Any CPU.ActiveCfg = Debug|Any CPU
		{4ABD021A-4651-4A00-92A1-DEBB4CBB9D47}.Debug|Any CPU.Build.0 = Debug|Any CPU
		{4ABD021A-4651-4A00-92A1-DEBB4CBB9D47}.Release|Any CPU.ActiveCfg = Release|Any CPU
		{4ABD021A-4651-4A00-92A1-DEBB4CBB9D47}.Release|Any CPU.Build.0 = Release|Any CPU
		{84070991-7C25-4E35-9951-2C388B71B851}.Debug|Any CPU.ActiveCfg = Debug|Any CPU
		{84070991-7C25-4E35-9951-2C388B71B851}.Debug|Any CPU.Build.0 = Debug|Any CPU
		{84070991-7C25-4E35-9951-2C388B71B851}.Release|Any CPU.ActiveCfg = Release|Any CPU
		{84070991-7C25-4E35-9951-2C388B71B851}.Release|Any CPU.Build.0 = Release|Any CPU
		{AFB59877-4956-4326-AD69-6A698691C5CD}.Debug|Any CPU.ActiveCfg = Debug|Any CPU
		{AFB59877-4956-4326-AD69-6A698691C5CD}.Debug|Any CPU.Build.0 = Debug|Any CPU
		{AFB59877-4956-4326-AD69-6A698691C5CD}.Release|Any CPU.ActiveCfg = Release|Any CPU
		{AFB59877-4956-4326-AD69-6A698691C5CD}.Release|Any CPU.Build.0 = Release|Any CPU
		{C72B6521-F4E1-457F-A521-9D052F582C57}.Debug|Any CPU.ActiveCfg = Debug|Any CPU
		{C72B6521-F4E1-457F-A521-9D052F582C57}.Debug|Any CPU.Build.0 = Debug|Any CPU
		{C72B6521-F4E1-457F-A521-9D052F582C57}.Release|Any CPU.ActiveCfg = Release|Any CPU
		{C72B6521-F4E1-457F-A521-9D052F582C57}.Release|Any CPU.Build.0 = Release|Any CPU
		{D4BDA2D3-D87D-4710-B897-A7583124427D}.Debug|Any CPU.ActiveCfg = Debug|Any CPU
		{D4BDA2D3-D87D-4710-B897-A7583124427D}.Debug|Any CPU.Build.0 = Debug|Any CPU
		{D4BDA2D3-D87D-4710-B897-A7583124427D}.Release|Any CPU.ActiveCfg = Release|Any CPU
		{D4BDA2D3-D87D-4710-B897-A7583124427D}.Release|Any CPU.Build.0 = Release|Any CPU
		{A1FB2B01-37D0-4C21-ADE7-A0DE67C9A331}.Debug|Any CPU.ActiveCfg = Debug|Any CPU
		{A1FB2B01-37D0-4C21-ADE7-A0DE67C9A331}.Debug|Any CPU.Build.0 = Debug|Any CPU
		{A1FB2B01-37D0-4C21-ADE7-A0DE67C9A331}.Release|Any CPU.ActiveCfg = Release|Any CPU
		{A1FB2B01-37D0-4C21-ADE7-A0DE67C9A331}.Release|Any CPU.Build.0 = Release|Any CPU
		{36595245-4DEF-4F80-89B5-FF0DBCD4F048}.Debug|Any CPU.ActiveCfg = Debug|Any CPU
		{36595245-4DEF-4F80-89B5-FF0DBCD4F048}.Debug|Any CPU.Build.0 = Debug|Any CPU
		{36595245-4DEF-4F80-89B5-FF0DBCD4F048}.Release|Any CPU.ActiveCfg = Release|Any CPU
		{36595245-4DEF-4F80-89B5-FF0DBCD4F048}.Release|Any CPU.Build.0 = Release|Any CPU
		{C48BAFA8-CE0F-4531-99CF-4A7EF809A485}.Debug|Any CPU.ActiveCfg = Debug|Any CPU
		{C48BAFA8-CE0F-4531-99CF-4A7EF809A485}.Debug|Any CPU.Build.0 = Debug|Any CPU
		{C48BAFA8-CE0F-4531-99CF-4A7EF809A485}.Release|Any CPU.ActiveCfg = Release|Any CPU
		{C48BAFA8-CE0F-4531-99CF-4A7EF809A485}.Release|Any CPU.Build.0 = Release|Any CPU
		{E3535850-87F7-4AC6-B9E4-0E8298C6B562}.Debug|Any CPU.ActiveCfg = Debug|Any CPU
		{E3535850-87F7-4AC6-B9E4-0E8298C6B562}.Debug|Any CPU.Build.0 = Debug|Any CPU
		{E3535850-87F7-4AC6-B9E4-0E8298C6B562}.Release|Any CPU.ActiveCfg = Release|Any CPU
		{E3535850-87F7-4AC6-B9E4-0E8298C6B562}.Release|Any CPU.Build.0 = Release|Any CPU
	EndGlobalSection
	GlobalSection(SolutionProperties) = preSolution
		HideSolutionNode = FALSE
	EndGlobalSection
	GlobalSection(NestedProjects) = preSolution
		{90743B0D-AF8E-472C-8AB3-C5C1AADB08A7} = {27BC5C98-ADEF-4B0E-95CD-E8F2B547DBAC}
		{B8400E24-4F4D-45C6-B429-A27D883EB168} = {767635FB-5293-49B5-9256-2FBEADDA578A}
		{D2A1C36D-4B0F-4733-9863-7C9E5A54C199} = {94EE0BB7-B9E0-46B6-A128-8017C9903718}
		{8223812B-3A72-4D8D-A7E1-917F14E55BB9} = {EBF8BA9C-6B28-4BB1-9A80-BD9F23E3FB54}
		{4D6F97B6-DBF4-4C12-87FB-351BDDECC812} = {EBF8BA9C-6B28-4BB1-9A80-BD9F23E3FB54}
		{97CF4456-9909-4194-BAFB-6E69AA570941} = {0B064FB4-7167-4527-BFA3-081A7D3C71C9}
		{5135770D-6EED-4589-8E69-59C4938F83F4} = {0B064FB4-7167-4527-BFA3-081A7D3C71C9}
		{014BFBE7-3AE4-4F04-A645-24CA95AB98A2} = {0E7187C0-7997-4B5E-B97F-B0CD2AC31035}
		{2838EF3F-D239-4C24-90A8-E51C0A71861A} = {A162AE37-9F54-4CAB-9EDE-DF2D8F214E46}
		{B9D26C6D-3600-4FC4-A2F0-CAE1A4997979} = {A162AE37-9F54-4CAB-9EDE-DF2D8F214E46}
		{4F8E1570-088D-4161-BC8E-D3D18B68E816} = {A162AE37-9F54-4CAB-9EDE-DF2D8F214E46}
		{4ABD021A-4651-4A00-92A1-DEBB4CBB9D47} = {C082C9BA-7467-4FA6-A549-47C182D4CE55}
		{84070991-7C25-4E35-9951-2C388B71B851} = {EA8DD215-551B-4A27-AF90-A5642AFF3D4D}
		{AFB59877-4956-4326-AD69-6A698691C5CD} = {EA8DD215-551B-4A27-AF90-A5642AFF3D4D}
		{C72B6521-F4E1-457F-A521-9D052F582C57} = {F2E6D402-E882-4170-9F7A-70ED079C50AF}
		{D4BDA2D3-D87D-4710-B897-A7583124427D} = {EA8DD215-551B-4A27-AF90-A5642AFF3D4D}
		{A1FB2B01-37D0-4C21-ADE7-A0DE67C9A331} = {EA8DD215-551B-4A27-AF90-A5642AFF3D4D}
		{36595245-4DEF-4F80-89B5-FF0DBCD4F048} = {EA8DD215-551B-4A27-AF90-A5642AFF3D4D}
		{C48BAFA8-CE0F-4531-99CF-4A7EF809A485} = {EA8DD215-551B-4A27-AF90-A5642AFF3D4D}
		{E3535850-87F7-4AC6-B9E4-0E8298C6B562} = {EBF8BA9C-6B28-4BB1-9A80-BD9F23E3FB54}
	EndGlobalSection
	GlobalSection(ExtensibilityGlobals) = postSolution
		SolutionGuid = {C18ABC93-21AD-49D2-9F82-13E89F0F733A}
	EndGlobalSection
EndGlobal
